{
  "nodes": {
    "advisory-db": {
      "flake": false,
      "locked": {
        "lastModified": 1746689539,
        "narHash": "sha256-rVUs0CjpuO7FKVHecsuMaYiUr8iKscsgeo/b2XlnPmQ=",
        "owner": "rustsec",
        "repo": "advisory-db",
        "rev": "796d034fbcb1c5bc83c0d0912dc31eb4e34458bf",
        "type": "github"
      },
      "original": {
        "owner": "rustsec",
        "repo": "advisory-db",
        "type": "github"
      }
    },
    "cargo-leptos-src": {
      "flake": false,
      "locked": {
        "lastModified": 1746550119,
        "narHash": "sha256-n05WREU0U9LIIxQZHxdh1SMUpAmYV1KnyX+KkI7eaRI=",
        "owner": "leptos-rs",
        "repo": "cargo-leptos",
        "rev": "d83080a3528c9988be36533dd397f9119d6bbbd9",
        "type": "github"
      },
      "original": {
        "owner": "leptos-rs",
        "repo": "cargo-leptos",
        "type": "github"
      }
    },
    "crane": {
      "locked": {
        "lastModified": 1746291859,
        "narHash": "sha256-DdWJLA+D5tcmrRSg5Y7tp/qWaD05ATI4Z7h22gd1h7Q=",
        "owner": "ipetkov",
        "repo": "crane",
        "rev": "dfd9a8dfd09db9aad544c4d3b6c47b12562544a5",
        "type": "github"
      },
      "original": {
        "owner": "ipetkov",
        "repo": "crane",
        "type": "github"
      }
    },
    "nixpkgs": {
      "locked": {
        "lastModified": 1746810718,
        "narHash": "sha256-VljtYzyttmvkWUKTVJVW93qAsJsrBbgAzy7DdnJaQfI=",
        "path": "/nix/store/5xjf9ba5zliwl3ppczws0xqmlgji3y7l-source",
        "rev": "0c0bf9c057382d5f6f63d54fd61f1abd5e1c2f63",
        "type": "path"
      },
      "original": {
        "id": "nixpkgs",
        "type": "indirect"
      }
    },
    "root": {
      "inputs": {
        "advisory-db": "advisory-db",
        "cargo-leptos-src": "cargo-leptos-src",
        "crane": "crane",
        "nixpkgs": "nixpkgs",
        "rust-overlay": "rust-overlay",
        "trunk-src": "trunk-src",
        "utils": "utils"
      }
    },
    "rust-overlay": {
      "inputs": {
        "nixpkgs": [
          "nixpkgs"
        ]
      },
      "locked": {
        "lastModified": 1747017456,
        "narHash": "sha256-C/U12fcO+HEF071b5mK65lt4XtAIZyJSSJAg9hdlvTk=",
        "owner": "oxalica",
        "repo": "rust-overlay",
        "rev": "5b07506ae89b025b14de91f697eba23b48654c52",
        "type": "github"
      },
      "original": {
        "owner": "oxalica",
        "repo": "rust-overlay",
        "type": "github"
      }
    },
    "systems": {
      "locked": {
        "lastModified": 1681028828,
        "narHash": "sha256-Vy1rq5AaRuLzOxct8nz4T6wlgyUR7zLU309k9mBC768=",
        "owner": "nix-systems",
        "repo": "default",
        "rev": "da67096a3b9bf56a91d16901293e51ba5b49a27e",
        "type": "github"
      },
      "original": {
        "owner": "nix-systems",
        "repo": "default",
        "type": "github"
      }
    },
    "trunk-src": {
      "flake": false,
      "locked": {
        "lastModified": 1746704536,
        "narHash": "sha256-0T8ZkBA1Zf4z2HXYeBwJ+2EGoUpxGrqSb4fS4CnL28A=",
        "owner": "trunk-rs",
        "repo": "trunk",
        "rev": "8ec159c52dcaf661e6950bb71d7f62ab24558164",
        "type": "github"
      },
      "original": {
        "owner": "trunk-rs",
        "repo": "trunk",
        "type": "github"
      }
    },
    "utils": {
      "inputs": {
        "systems": "systems"
      },
      "locked": {
        "lastModified": 1731533236,
        "narHash": "sha256-l0KFg5HjrsfsO/JpG+r7fRrqm12kzFHyUHqHCVpMMbI=",
        "owner": "numtide",
        "repo": "flake-utils",
        "rev": "11707dc2f618dd54ca8739b309ec4fc024de578b",
        "type": "github"
      },
      "original": {
        "id": "flake-utils",
        "type": "indirect"
      }
    }
  },
  "root": "root",
  "version": 7
}
