{
  "nodes": {
    "crane": {
      "inputs": {
        "nixpkgs": [
          "nixpkgs"
        ]
      },
      "locked": {
        "lastModified": 1707075082,
        "narHash": "sha256-PUplk5F5jlIyofxqn/xEDN9pbjrd0tnkd0pDsZ52db0=",
        "owner": "ipetkov",
        "repo": "crane",
        "rev": "7d5b46c17d857ee9ddb2e8d88185729a3e5637b6",
        "type": "github"
      },
      "original": {
        "owner": "ipetkov",
        "repo": "crane",
        "type": "github"
      }
    },
    "flake-utils": {
      "inputs": {
        "systems": "systems"
      },
      "locked": {
        "lastModified": 1705309234,
        "narHash": "sha256-uNRRNRKmJyCRC/8y1RqBkqWBLM034y4qN7EprSdmgyA=",
        "owner": "numtide",
        "repo": "flake-utils",
        "rev": "1ef2e671c3b0c19053962c07dbda38332dcebf26",
        "type": "github"
      },
      "original": {
        "owner": "numtide",
        "repo": "flake-utils",
        "type": "github"
      }
    },
    "nixpkgs": {
      "locked": {
        "lastModified": 1706718339,
        "narHash": "sha256-S+S97c/HzkO2A/YsU7ZmNF9w2s7Xk6P8dzmfDdckzLs=",
        "path": "/nix/store/sb3x0gk95v9h285ch8cdqv3gfjp97p1b-source",
        "rev": "53fbe41cf76b6a685004194e38e889bc8857e8c2",
        "type": "path"
      },
      "original": {
        "id": "nixpkgs",
        "type": "indirect"
      }
    },
    "root": {
      "inputs": {
        "crane": "crane",
        "nixpkgs": "nixpkgs",
        "rust-overlay": "rust-overlay",
        "utils": "utils"
      }
    },
    "rust-overlay": {
      "inputs": {
        "flake-utils": "flake-utils",
        "nixpkgs": [
          "nixpkgs"
        ]
      },
      "locked": {
        "lastModified": 1707099356,
        "narHash": "sha256-ph483MDKLi9I/gndYOieVP41es633DOOmPjEI50x5KU=",
        "owner": "oxalica",
        "repo": "rust-overlay",
        "rev": "61dfa5a8129f7edbe9150253c68f673f87b16fb1",
        "type": "github"
      },
      "original": {
        "owner": "oxalica",
        "repo": "rust-overlay",
        "type": "github"
      }
    },
    "systems": {
      "locked": {
        "lastModified": 1681028828,
        "narHash": "sha256-Vy1rq5AaRuLzOxct8nz4T6wlgyUR7zLU309k9mBC768=",
        "owner": "nix-systems",
        "repo": "default",
        "rev": "da67096a3b9bf56a91d16901293e51ba5b49a27e",
        "type": "github"
      },
      "original": {
        "owner": "nix-systems",
        "repo": "default",
        "type": "github"
      }
    },
    "systems_2": {
      "locked": {
        "lastModified": 1681028828,
        "narHash": "sha256-Vy1rq5AaRuLzOxct8nz4T6wlgyUR7zLU309k9mBC768=",
        "owner": "nix-systems",
        "repo": "default",
        "rev": "da67096a3b9bf56a91d16901293e51ba5b49a27e",
        "type": "github"
      },
      "original": {
        "owner": "nix-systems",
        "repo": "default",
        "type": "github"
      }
    },
    "utils": {
      "inputs": {
        "systems": "systems_2"
      },
      "locked": {
        "lastModified": 1705309234,
        "narHash": "sha256-uNRRNRKmJyCRC/8y1RqBkqWBLM034y4qN7EprSdmgyA=",
        "owner": "numtide",
        "repo": "flake-utils",
        "rev": "1ef2e671c3b0c19053962c07dbda38332dcebf26",
        "type": "github"
      },
      "original": {
        "id": "flake-utils",
        "type": "indirect"
      }
    }
  },
  "root": "root",
  "version": 7
}
